
Microsoft Visual Studio Solution File, Format Version 12.00
# Visual Studio Version 16
VisualStudioVersion = 16.0.30406.217
MinimumVisualStudioVersion = 10.0.40219.1
Project("{9A19103F-16F7-4668-BE54-9A1E7A4F7556}") = "devboost.dronedelivery", "devboost.dronedelivery\devboost.dronedelivery.csproj", "{498E5837-E00B-48C7-BC6C-67AAAE047E7B}"
EndProject
Project("{9A19103F-16F7-4668-BE54-9A1E7A4F7556}") = "GeoLocation", "GeoLocation\GeoLocation.csproj", "{3AF216BE-B5E4-4B53-81D6-2E9FDA537B83}"
EndProject
Project("{9A19103F-16F7-4668-BE54-9A1E7A4F7556}") = "devboost.Domain", "devboost.Domain\devboost.Domain.csproj", "{FA34DC34-BA4E-4EC8-8382-076106EED9A3}"
EndProject
Project("{9A19103F-16F7-4668-BE54-9A1E7A4F7556}") = "devboost.Repository", "devboost.Repository\devboost.Repository.csproj", "{4D7031C5-B372-4260-89A2-250F28B06876}"
EndProject
Project("{9A19103F-16F7-4668-BE54-9A1E7A4F7556}") = "devboost.Test", "devboost.Test\devboost.Test.csproj", "{FFEE7524-AD4F-4A5B-BDBF-D64C5EBC27FB}"
EndProject
Project("{9A19103F-16F7-4668-BE54-9A1E7A4F7556}") = "devboost.SpecFlowTest", "devboost.SpecFlowTest\devboost.SpecFlowTest.csproj", "{542610B0-73DC-4309-829D-05D4A236ECB1}"
EndProject
Project("{2150E333-8FDC-42A3-9474-1A3956D46DE8}") = "Gestao de Pagamentos", "Gestao de Pagamentos", "{22E49180-BB74-4BE2-A3A3-32903844894D}"
EndProject
Project("{9A19103F-16F7-4668-BE54-9A1E7A4F7556}") = "Domain.Pay", "GestaoPagamento\Domain.Pay\Domain.Pay.csproj", "{D2193D0B-5203-45E6-B833-59082ABA2C06}"
EndProject
Project("{9A19103F-16F7-4668-BE54-9A1E7A4F7556}") = "Domain.Pay.Services", "GestaoPagamento\Domain.Pay.Services\Domain.Pay.Services.csproj", "{F7D185FA-339D-4634-85F0-8AA06F0D7A90}"
EndProject
Project("{9A19103F-16F7-4668-BE54-9A1E7A4F7556}") = "Tests.Pay.TDD", "GestaoPagamento\Tests.Pay.TDD\Tests.Pay.TDD.csproj", "{C7ABB34F-0F7F-4DAA-9B4E-672DDCD63C77}"
EndProject
Project("{9A19103F-16F7-4668-BE54-9A1E7A4F7556}") = "Tests.Pay.BDD", "GestaoPagamento\Tests.Pay.BDD\Tests.Pay.BDD.csproj", "{366DA49D-D7AA-4BB9-9B6C-68F989EFD375}"
EndProject
Project("{2150E333-8FDC-42A3-9474-1A3956D46DE8}") = "Infra", "Infra", "{E55D9266-1526-4AB6-8FE6-113F0ABE64AE}"
EndProject
Project("{9A19103F-16F7-4668-BE54-9A1E7A4F7556}") = "Repository.Pay", "GestaoPagamento\Repository.Pay\Repository.Pay.csproj", "{043D6EE7-08F0-408D-8883-8C820953383F}"
EndProject
Project("{9A19103F-16F7-4668-BE54-9A1E7A4F7556}") = "IoC.Pay", "GestaoPagamento\IoC.Pay\IoC.Pay.csproj", "{18E9E384-5D01-46EA-B607-EACA254D06F3}"
EndProject
Project("{9A19103F-16F7-4668-BE54-9A1E7A4F7556}") = "Pay.API", "GestaoPagamento\Pay.API\Pay.API.csproj", "{119A40E8-1652-4BEB-AC56-360A03910A74}"
EndProject
Project("{2150E333-8FDC-42A3-9474-1A3956D46DE8}") = "Delivery", "Delivery", "{12F491BE-EE87-4BAC-93C0-FAE15452608F}"
EndProject
Project("{9A19103F-16F7-4668-BE54-9A1E7A4F7556}") = "Integration.Pay", "GestaoPagamento\Integration.Pay\Integration.Pay.csproj", "{5EF2F806-36CE-4822-885A-A5ED09E9F90C}"
EndProject
Project("{9A19103F-16F7-4668-BE54-9A1E7A4F7556}") = "Pay.Mock", "GestaoPagamento\Pay.Mock\Pay.Mock.csproj", "{0460175E-EE16-4E1C-ABE0-6189ABC83EA4}"
EndProject
Project("{2150E333-8FDC-42A3-9474-1A3956D46DE8}") = "Pedido.Kafka", "Pedido.Kafka", "{1EF9D25D-82A2-415F-B62E-76D6C1062025}"
EndProject
Project("{9A19103F-16F7-4668-BE54-9A1E7A4F7556}") = "Drone.EnviarPedido.Api", "Drone.EnviarPedido.Api\Drone.EnviarPedido.Api.csproj", "{976FAFB8-220D-4304-9E5B-3803BA51339D}"
EndProject
Project("{9A19103F-16F7-4668-BE54-9A1E7A4F7556}") = "Consumer.Drone.AzureFunction", "Consumer.Drone.AzureFunction\Consumer.Drone.AzureFunction.csproj", "{409EB11A-DD04-4E91-B4BF-1B4603540085}"
EndProject
Project("{2150E333-8FDC-42A3-9474-1A3956D46DE8}") = "Envio", "Envio", "{8E252369-5B16-47F3-A112-5BD009DF8FDA}"
EndProject
Project("{2150E333-8FDC-42A3-9474-1A3956D46DE8}") = "Recebimento", "Recebimento", "{04D2C69E-3012-4DE4-B4AC-DDF527F93479}"
EndProject
Project("{2150E333-8FDC-42A3-9474-1A3956D46DE8}") = "Shared", "Shared", "{BFF2F2A2-32A3-4BA6-AE20-F7B780882712}"
EndProject
Project("{9A19103F-16F7-4668-BE54-9A1E7A4F7556}") = "DroneDelivery.Helper", "DroneDelivery.Helper\DroneDelivery.Helper.csproj", "{0C480527-C49A-4287-9794-5549312C275D}"
EndProject
Project("{2150E333-8FDC-42A3-9474-1A3956D46DE8}") = "Documentation", "Documentation", "{9CFB1935-AC98-478F-A807-14BD3EED287F}"
	ProjectSection(SolutionItems) = preProject
		Document\CQRS Structure.drawio = Document\CQRS Structure.drawio
		Document\CRQS Structure.png = Document\CRQS Structure.png
		Document\Fluxo de Pagamento.drawio = Document\Fluxo de Pagamento.drawio
		Document\Fluxo de Pagamento.png = Document\Fluxo de Pagamento.png
		Document\Fluxo Realizar Pagamento com Kafka.drawio = Document\Fluxo Realizar Pagamento com Kafka.drawio
		Document\Fluxo Realizar Pagamento com Kafka.png = Document\Fluxo Realizar Pagamento com Kafka.png
		Document\Fluxo Realizar Pedido com Kafka.drawio = Document\Fluxo Realizar Pedido com Kafka.drawio
		Document\Fluxo Realizar Pedido com Kafka.png = Document\Fluxo Realizar Pedido com Kafka.png
		Document\LogisticaEntrega.drawio = Document\LogisticaEntrega.drawio
		Document\LogisticaEntrega.png = Document\LogisticaEntrega.png
	EndProjectSection
EndProject
Global
	GlobalSection(SolutionConfigurationPlatforms) = preSolution
		Debug|Any CPU = Debug|Any CPU
		Release|Any CPU = Release|Any CPU
	EndGlobalSection
	GlobalSection(ProjectConfigurationPlatforms) = postSolution
		{498E5837-E00B-48C7-BC6C-67AAAE047E7B}.Debug|Any CPU.ActiveCfg = Debug|Any CPU
		{498E5837-E00B-48C7-BC6C-67AAAE047E7B}.Debug|Any CPU.Build.0 = Debug|Any CPU
		{498E5837-E00B-48C7-BC6C-67AAAE047E7B}.Release|Any CPU.ActiveCfg = Release|Any CPU
		{498E5837-E00B-48C7-BC6C-67AAAE047E7B}.Release|Any CPU.Build.0 = Release|Any CPU
		{3AF216BE-B5E4-4B53-81D6-2E9FDA537B83}.Debug|Any CPU.ActiveCfg = Debug|Any CPU
		{3AF216BE-B5E4-4B53-81D6-2E9FDA537B83}.Debug|Any CPU.Build.0 = Debug|Any CPU
		{3AF216BE-B5E4-4B53-81D6-2E9FDA537B83}.Release|Any CPU.ActiveCfg = Release|Any CPU
		{3AF216BE-B5E4-4B53-81D6-2E9FDA537B83}.Release|Any CPU.Build.0 = Release|Any CPU
		{FA34DC34-BA4E-4EC8-8382-076106EED9A3}.Debug|Any CPU.ActiveCfg = Debug|Any CPU
		{FA34DC34-BA4E-4EC8-8382-076106EED9A3}.Debug|Any CPU.Build.0 = Debug|Any CPU
		{FA34DC34-BA4E-4EC8-8382-076106EED9A3}.Release|Any CPU.ActiveCfg = Release|Any CPU
		{FA34DC34-BA4E-4EC8-8382-076106EED9A3}.Release|Any CPU.Build.0 = Release|Any CPU
		{4D7031C5-B372-4260-89A2-250F28B06876}.Debug|Any CPU.ActiveCfg = Debug|Any CPU
		{4D7031C5-B372-4260-89A2-250F28B06876}.Debug|Any CPU.Build.0 = Debug|Any CPU
		{4D7031C5-B372-4260-89A2-250F28B06876}.Release|Any CPU.ActiveCfg = Release|Any CPU
		{4D7031C5-B372-4260-89A2-250F28B06876}.Release|Any CPU.Build.0 = Release|Any CPU
		{FFEE7524-AD4F-4A5B-BDBF-D64C5EBC27FB}.Debug|Any CPU.ActiveCfg = Debug|Any CPU
		{FFEE7524-AD4F-4A5B-BDBF-D64C5EBC27FB}.Debug|Any CPU.Build.0 = Debug|Any CPU
		{FFEE7524-AD4F-4A5B-BDBF-D64C5EBC27FB}.Release|Any CPU.ActiveCfg = Release|Any CPU
		{FFEE7524-AD4F-4A5B-BDBF-D64C5EBC27FB}.Release|Any CPU.Build.0 = Release|Any CPU
		{542610B0-73DC-4309-829D-05D4A236ECB1}.Debug|Any CPU.ActiveCfg = Debug|Any CPU
		{542610B0-73DC-4309-829D-05D4A236ECB1}.Debug|Any CPU.Build.0 = Debug|Any CPU
		{542610B0-73DC-4309-829D-05D4A236ECB1}.Release|Any CPU.ActiveCfg = Release|Any CPU
		{542610B0-73DC-4309-829D-05D4A236ECB1}.Release|Any CPU.Build.0 = Release|Any CPU
		{D2193D0B-5203-45E6-B833-59082ABA2C06}.Debug|Any CPU.ActiveCfg = Debug|Any CPU
		{D2193D0B-5203-45E6-B833-59082ABA2C06}.Debug|Any CPU.Build.0 = Debug|Any CPU
		{D2193D0B-5203-45E6-B833-59082ABA2C06}.Release|Any CPU.ActiveCfg = Release|Any CPU
		{D2193D0B-5203-45E6-B833-59082ABA2C06}.Release|Any CPU.Build.0 = Release|Any CPU
		{F7D185FA-339D-4634-85F0-8AA06F0D7A90}.Debug|Any CPU.ActiveCfg = Debug|Any CPU
		{F7D185FA-339D-4634-85F0-8AA06F0D7A90}.Debug|Any CPU.Build.0 = Debug|Any CPU
		{F7D185FA-339D-4634-85F0-8AA06F0D7A90}.Release|Any CPU.ActiveCfg = Release|Any CPU
		{F7D185FA-339D-4634-85F0-8AA06F0D7A90}.Release|Any CPU.Build.0 = Release|Any CPU
		{C7ABB34F-0F7F-4DAA-9B4E-672DDCD63C77}.Debug|Any CPU.ActiveCfg = Debug|Any CPU
		{C7ABB34F-0F7F-4DAA-9B4E-672DDCD63C77}.Debug|Any CPU.Build.0 = Debug|Any CPU
		{C7ABB34F-0F7F-4DAA-9B4E-672DDCD63C77}.Release|Any CPU.ActiveCfg = Release|Any CPU
		{C7ABB34F-0F7F-4DAA-9B4E-672DDCD63C77}.Release|Any CPU.Build.0 = Release|Any CPU
		{366DA49D-D7AA-4BB9-9B6C-68F989EFD375}.Debug|Any CPU.ActiveCfg = Debug|Any CPU
		{366DA49D-D7AA-4BB9-9B6C-68F989EFD375}.Debug|Any CPU.Build.0 = Debug|Any CPU
		{366DA49D-D7AA-4BB9-9B6C-68F989EFD375}.Release|Any CPU.ActiveCfg = Release|Any CPU
		{366DA49D-D7AA-4BB9-9B6C-68F989EFD375}.Release|Any CPU.Build.0 = Release|Any CPU
		{043D6EE7-08F0-408D-8883-8C820953383F}.Debug|Any CPU.ActiveCfg = Debug|Any CPU
		{043D6EE7-08F0-408D-8883-8C820953383F}.Debug|Any CPU.Build.0 = Debug|Any CPU
		{043D6EE7-08F0-408D-8883-8C820953383F}.Release|Any CPU.ActiveCfg = Release|Any CPU
		{043D6EE7-08F0-408D-8883-8C820953383F}.Release|Any CPU.Build.0 = Release|Any CPU
		{18E9E384-5D01-46EA-B607-EACA254D06F3}.Debug|Any CPU.ActiveCfg = Debug|Any CPU
		{18E9E384-5D01-46EA-B607-EACA254D06F3}.Debug|Any CPU.Build.0 = Debug|Any CPU
		{18E9E384-5D01-46EA-B607-EACA254D06F3}.Release|Any CPU.ActiveCfg = Release|Any CPU
		{18E9E384-5D01-46EA-B607-EACA254D06F3}.Release|Any CPU.Build.0 = Release|Any CPU
		{119A40E8-1652-4BEB-AC56-360A03910A74}.Debug|Any CPU.ActiveCfg = Debug|Any CPU
		{119A40E8-1652-4BEB-AC56-360A03910A74}.Debug|Any CPU.Build.0 = Debug|Any CPU
		{119A40E8-1652-4BEB-AC56-360A03910A74}.Release|Any CPU.ActiveCfg = Release|Any CPU
		{119A40E8-1652-4BEB-AC56-360A03910A74}.Release|Any CPU.Build.0 = Release|Any CPU
		{5EF2F806-36CE-4822-885A-A5ED09E9F90C}.Debug|Any CPU.ActiveCfg = Debug|Any CPU
		{5EF2F806-36CE-4822-885A-A5ED09E9F90C}.Debug|Any CPU.Build.0 = Debug|Any CPU
		{5EF2F806-36CE-4822-885A-A5ED09E9F90C}.Release|Any CPU.ActiveCfg = Release|Any CPU
		{5EF2F806-36CE-4822-885A-A5ED09E9F90C}.Release|Any CPU.Build.0 = Release|Any CPU
		{0460175E-EE16-4E1C-ABE0-6189ABC83EA4}.Debug|Any CPU.ActiveCfg = Debug|Any CPU
		{0460175E-EE16-4E1C-ABE0-6189ABC83EA4}.Debug|Any CPU.Build.0 = Debug|Any CPU
		{0460175E-EE16-4E1C-ABE0-6189ABC83EA4}.Release|Any CPU.ActiveCfg = Release|Any CPU
		{0460175E-EE16-4E1C-ABE0-6189ABC83EA4}.Release|Any CPU.Build.0 = Release|Any CPU
		{976FAFB8-220D-4304-9E5B-3803BA51339D}.Debug|Any CPU.ActiveCfg = Debug|Any CPU
		{976FAFB8-220D-4304-9E5B-3803BA51339D}.Debug|Any CPU.Build.0 = Debug|Any CPU
		{976FAFB8-220D-4304-9E5B-3803BA51339D}.Release|Any CPU.ActiveCfg = Release|Any CPU
		{976FAFB8-220D-4304-9E5B-3803BA51339D}.Release|Any CPU.Build.0 = Release|Any CPU
		{409EB11A-DD04-4E91-B4BF-1B4603540085}.Debug|Any CPU.ActiveCfg = Debug|Any CPU
		{409EB11A-DD04-4E91-B4BF-1B4603540085}.Debug|Any CPU.Build.0 = Debug|Any CPU
		{409EB11A-DD04-4E91-B4BF-1B4603540085}.Release|Any CPU.ActiveCfg = Release|Any CPU
		{409EB11A-DD04-4E91-B4BF-1B4603540085}.Release|Any CPU.Build.0 = Release|Any CPU
		{0C480527-C49A-4287-9794-5549312C275D}.Debug|Any CPU.ActiveCfg = Debug|Any CPU
		{0C480527-C49A-4287-9794-5549312C275D}.Debug|Any CPU.Build.0 = Debug|Any CPU
		{0C480527-C49A-4287-9794-5549312C275D}.Release|Any CPU.ActiveCfg = Release|Any CPU
		{0C480527-C49A-4287-9794-5549312C275D}.Release|Any CPU.Build.0 = Release|Any CPU
	EndGlobalSection
	GlobalSection(SolutionProperties) = preSolution
		HideSolutionNode = FALSE
	EndGlobalSection
	GlobalSection(NestedProjects) = preSolution
		{498E5837-E00B-48C7-BC6C-67AAAE047E7B} = {12F491BE-EE87-4BAC-93C0-FAE15452608F}
		{3AF216BE-B5E4-4B53-81D6-2E9FDA537B83} = {12F491BE-EE87-4BAC-93C0-FAE15452608F}
		{FA34DC34-BA4E-4EC8-8382-076106EED9A3} = {12F491BE-EE87-4BAC-93C0-FAE15452608F}
		{4D7031C5-B372-4260-89A2-250F28B06876} = {12F491BE-EE87-4BAC-93C0-FAE15452608F}
		{FFEE7524-AD4F-4A5B-BDBF-D64C5EBC27FB} = {12F491BE-EE87-4BAC-93C0-FAE15452608F}
		{542610B0-73DC-4309-829D-05D4A236ECB1} = {12F491BE-EE87-4BAC-93C0-FAE15452608F}
		{D2193D0B-5203-45E6-B833-59082ABA2C06} = {22E49180-BB74-4BE2-A3A3-32903844894D}
		{F7D185FA-339D-4634-85F0-8AA06F0D7A90} = {22E49180-BB74-4BE2-A3A3-32903844894D}
		{C7ABB34F-0F7F-4DAA-9B4E-672DDCD63C77} = {22E49180-BB74-4BE2-A3A3-32903844894D}
		{366DA49D-D7AA-4BB9-9B6C-68F989EFD375} = {22E49180-BB74-4BE2-A3A3-32903844894D}
		{E55D9266-1526-4AB6-8FE6-113F0ABE64AE} = {22E49180-BB74-4BE2-A3A3-32903844894D}
		{043D6EE7-08F0-408D-8883-8C820953383F} = {E55D9266-1526-4AB6-8FE6-113F0ABE64AE}
		{18E9E384-5D01-46EA-B607-EACA254D06F3} = {E55D9266-1526-4AB6-8FE6-113F0ABE64AE}
		{119A40E8-1652-4BEB-AC56-360A03910A74} = {22E49180-BB74-4BE2-A3A3-32903844894D}
		{5EF2F806-36CE-4822-885A-A5ED09E9F90C} = {E55D9266-1526-4AB6-8FE6-113F0ABE64AE}
		{0460175E-EE16-4E1C-ABE0-6189ABC83EA4} = {22E49180-BB74-4BE2-A3A3-32903844894D}
		{976FAFB8-220D-4304-9E5B-3803BA51339D} = {8E252369-5B16-47F3-A112-5BD009DF8FDA}
		{409EB11A-DD04-4E91-B4BF-1B4603540085} = {04D2C69E-3012-4DE4-B4AC-DDF527F93479}
		{8E252369-5B16-47F3-A112-5BD009DF8FDA} = {1EF9D25D-82A2-415F-B62E-76D6C1062025}
		{04D2C69E-3012-4DE4-B4AC-DDF527F93479} = {1EF9D25D-82A2-415F-B62E-76D6C1062025}
		{0C480527-C49A-4287-9794-5549312C275D} = {BFF2F2A2-32A3-4BA6-AE20-F7B780882712}
	EndGlobalSection
	GlobalSection(ExtensibilityGlobals) = postSolution
		SolutionGuid = {08345D69-ACBC-44EC-BF93-542673AD566F}
	EndGlobalSection
EndGlobal
